// !$*UTF8*$!
{
	archiveVersion = 1;
	classes = {
	};
	objectVersion = 56;
	objects = {

/* Begin PBXBuildFile section */
		27E7DC162BEA688A00B8F52B /* CardInicial.swift in Sources */ = {isa = PBXBuildFile; fileRef = 27E7DC152BEA688A00B8F52B /* CardInicial.swift */; };
		4A4844952BDFB69F0075B6AF /* Util.swift in Sources */ = {isa = PBXBuildFile; fileRef = 4A4844942BDFB69F0075B6AF /* Util.swift */; };
		4A4844982BDFB6C50075B6AF /* Models.swift in Sources */ = {isa = PBXBuildFile; fileRef = 4A4844972BDFB6C50075B6AF /* Models.swift */; };
		4A893CE92BEE4DC10030430B /* ProgramsModel.swift in Sources */ = {isa = PBXBuildFile; fileRef = 4A893CE82BEE4DC10030430B /* ProgramsModel.swift */; };
		8C0AC5CA2BEB9F18005466CD /* TelaChatViewModel.swift in Sources */ = {isa = PBXBuildFile; fileRef = 8C0AC5C92BEB9F18005466CD /* TelaChatViewModel.swift */; };
		8C0AC5CF2BEBAA59005466CD /* TokenColor.swift in Sources */ = {isa = PBXBuildFile; fileRef = 8C0AC5CE2BEBAA59005466CD /* TokenColor.swift */; };
		8C0AC5D12BEBAAE8005466CD /* Question.swift in Sources */ = {isa = PBXBuildFile; fileRef = 8C0AC5D02BEBAAE8005466CD /* Question.swift */; };
		8C53CD042BED059B00BCBDA2 /* CustomCard.swift in Sources */ = {isa = PBXBuildFile; fileRef = 8C53CD032BED059B00BCBDA2 /* CustomCard.swift */; };
		8C53CD062BED0A8200BCBDA2 /* File.swift in Sources */ = {isa = PBXBuildFile; fileRef = 8C53CD052BED0A8200BCBDA2 /* File.swift */; };
		8C5929282BEA993D0037C38D /* ChatBot.swift in Sources */ = {isa = PBXBuildFile; fileRef = 8C5929272BEA993D0037C38D /* ChatBot.swift */; };
		8C9593092BF255A600D187BA /* TelaInfo.swift in Sources */ = {isa = PBXBuildFile; fileRef = 8C9593082BF255A600D187BA /* TelaInfo.swift */; };
		8CEDB7C72BF3A688001CF7CD /* ProgramsData.swift in Sources */ = {isa = PBXBuildFile; fileRef = 8CEDB7C62BF3A688001CF7CD /* ProgramsData.swift */; };
		8CF912092BF4F87D00DF9450 /* PageModel.swift in Sources */ = {isa = PBXBuildFile; fileRef = 8CF912082BF4F87D00DF9450 /* PageModel.swift */; };
		8CF9120D2BF4FA5100DF9450 /* Onboarding.swift in Sources */ = {isa = PBXBuildFile; fileRef = 8CF9120C2BF4FA5100DF9450 /* Onboarding.swift */; };
		8CF912112BF4FE0C00DF9450 /* ContentView.swift in Sources */ = {isa = PBXBuildFile; fileRef = 8CF912102BF4FE0C00DF9450 /* ContentView.swift */; };
		CE42FEBD2BE901BF002C0792 /* SearchBar.swift in Sources */ = {isa = PBXBuildFile; fileRef = CE42FEBC2BE901BF002C0792 /* SearchBar.swift */; };
		CEAFED082BD94D9C00621FF3 /* bem_facilApp.swift in Sources */ = {isa = PBXBuildFile; fileRef = CEAFED072BD94D9C00621FF3 /* bem_facilApp.swift */; };
		CEAFED0A2BD94D9C00621FF3 /* Telainicio.swift in Sources */ = {isa = PBXBuildFile; fileRef = CEAFED092BD94D9C00621FF3 /* Telainicio.swift */; };
		CEAFED0C2BD94D9D00621FF3 /* Assets.xcassets in Resources */ = {isa = PBXBuildFile; fileRef = CEAFED0B2BD94D9D00621FF3 /* Assets.xcassets */; };
		CEAFED0F2BD94D9D00621FF3 /* Preview Assets.xcassets in Resources */ = {isa = PBXBuildFile; fileRef = CEAFED0E2BD94D9D00621FF3 /* Preview Assets.xcassets */; };
		E71851502BF39A9300621E46 /* TelaMapa.swift in Sources */ = {isa = PBXBuildFile; fileRef = E718514F2BF39A9300621E46 /* TelaMapa.swift */; };
		E71851532BF3A47A00621E46 /* SwiftUIView.swift in Sources */ = {isa = PBXBuildFile; fileRef = E71851522BF3A47A00621E46 /* SwiftUIView.swift */; };
		E780E5FD2BF391AC003EB45E /* .swiftlint.yml in Resources */ = {isa = PBXBuildFile; fileRef = E780E5FC2BF391AC003EB45E /* .swiftlint.yml */; };
		E7F5093F2BF5462700D48B36 /* LocationDetailsView.swift in Sources */ = {isa = PBXBuildFile; fileRef = E7F5093E2BF5462700D48B36 /* LocationDetailsView.swift */; };
		E7F90B8F2BEA795800CC7A4C /* MainView.swift in Sources */ = {isa = PBXBuildFile; fileRef = E7F90B8E2BEA795800CC7A4C /* MainView.swift */; };
/* End PBXBuildFile section */

/* Begin PBXFileReference section */
		27E7DC152BEA688A00B8F52B /* CardInicial.swift */ = {isa = PBXFileReference; lastKnownFileType = sourcecode.swift; path = CardInicial.swift; sourceTree = "<group>"; };
		4A4844942BDFB69F0075B6AF /* Util.swift */ = {isa = PBXFileReference; lastKnownFileType = sourcecode.swift; path = Util.swift; sourceTree = "<group>"; };
		4A4844972BDFB6C50075B6AF /* Models.swift */ = {isa = PBXFileReference; lastKnownFileType = sourcecode.swift; path = Models.swift; sourceTree = "<group>"; };
		4A893CE82BEE4DC10030430B /* ProgramsModel.swift */ = {isa = PBXFileReference; lastKnownFileType = sourcecode.swift; path = ProgramsModel.swift; sourceTree = "<group>"; };
		8C0AC5C92BEB9F18005466CD /* TelaChatViewModel.swift */ = {isa = PBXFileReference; lastKnownFileType = sourcecode.swift; path = TelaChatViewModel.swift; sourceTree = "<group>"; };
		8C0AC5CE2BEBAA59005466CD /* TokenColor.swift */ = {isa = PBXFileReference; lastKnownFileType = sourcecode.swift; path = TokenColor.swift; sourceTree = "<group>"; };
		8C0AC5D02BEBAAE8005466CD /* Question.swift */ = {isa = PBXFileReference; lastKnownFileType = sourcecode.swift; path = Question.swift; sourceTree = "<group>"; };
		8C53CD032BED059B00BCBDA2 /* CustomCard.swift */ = {isa = PBXFileReference; lastKnownFileType = sourcecode.swift; path = CustomCard.swift; sourceTree = "<group>"; };
		8C53CD052BED0A8200BCBDA2 /* File.swift */ = {isa = PBXFileReference; lastKnownFileType = sourcecode.swift; path = File.swift; sourceTree = "<group>"; };
		8C5929272BEA993D0037C38D /* ChatBot.swift */ = {isa = PBXFileReference; lastKnownFileType = sourcecode.swift; path = ChatBot.swift; sourceTree = "<group>"; };
		8C9593082BF255A600D187BA /* TelaInfo.swift */ = {isa = PBXFileReference; lastKnownFileType = sourcecode.swift; path = TelaInfo.swift; sourceTree = "<group>"; };
		8CEDB7C62BF3A688001CF7CD /* ProgramsData.swift */ = {isa = PBXFileReference; lastKnownFileType = sourcecode.swift; path = ProgramsData.swift; sourceTree = "<group>"; };
		8CF912082BF4F87D00DF9450 /* PageModel.swift */ = {isa = PBXFileReference; lastKnownFileType = sourcecode.swift; path = PageModel.swift; sourceTree = "<group>"; };
		8CF9120C2BF4FA5100DF9450 /* Onboarding.swift */ = {isa = PBXFileReference; lastKnownFileType = sourcecode.swift; path = Onboarding.swift; sourceTree = "<group>"; };
		8CF912102BF4FE0C00DF9450 /* ContentView.swift */ = {isa = PBXFileReference; lastKnownFileType = sourcecode.swift; path = ContentView.swift; sourceTree = "<group>"; };
		CE42FEBC2BE901BF002C0792 /* SearchBar.swift */ = {isa = PBXFileReference; lastKnownFileType = sourcecode.swift; path = SearchBar.swift; sourceTree = "<group>"; };
		CE8949DE2BDFCBB000D6F5DD /* Info.plist */ = {isa = PBXFileReference; lastKnownFileType = text.plist; path = Info.plist; sourceTree = "<group>"; };
		CEAFED042BD94D9C00621FF3 /* bem-facil.app */ = {isa = PBXFileReference; explicitFileType = wrapper.application; includeInIndex = 0; path = "bem-facil.app"; sourceTree = BUILT_PRODUCTS_DIR; };
		CEAFED072BD94D9C00621FF3 /* bem_facilApp.swift */ = {isa = PBXFileReference; lastKnownFileType = sourcecode.swift; path = bem_facilApp.swift; sourceTree = "<group>"; };
		CEAFED092BD94D9C00621FF3 /* Telainicio.swift */ = {isa = PBXFileReference; lastKnownFileType = sourcecode.swift; path = Telainicio.swift; sourceTree = "<group>"; };
		CEAFED0B2BD94D9D00621FF3 /* Assets.xcassets */ = {isa = PBXFileReference; lastKnownFileType = folder.assetcatalog; path = Assets.xcassets; sourceTree = "<group>"; };
		CEAFED0E2BD94D9D00621FF3 /* Preview Assets.xcassets */ = {isa = PBXFileReference; lastKnownFileType = folder.assetcatalog; path = "Preview Assets.xcassets"; sourceTree = "<group>"; };
		E718514F2BF39A9300621E46 /* TelaMapa.swift */ = {isa = PBXFileReference; lastKnownFileType = sourcecode.swift; path = TelaMapa.swift; sourceTree = "<group>"; };
		E71851522BF3A47A00621E46 /* SwiftUIView.swift */ = {isa = PBXFileReference; lastKnownFileType = sourcecode.swift; path = SwiftUIView.swift; sourceTree = "<group>"; };
		E780E5FC2BF391AC003EB45E /* .swiftlint.yml */ = {isa = PBXFileReference; lastKnownFileType = text.yaml; path = .swiftlint.yml; sourceTree = "<group>"; };
		E7F5093E2BF5462700D48B36 /* LocationDetailsView.swift */ = {isa = PBXFileReference; lastKnownFileType = sourcecode.swift; path = LocationDetailsView.swift; sourceTree = "<group>"; };
		E7F90B8E2BEA795800CC7A4C /* MainView.swift */ = {isa = PBXFileReference; lastKnownFileType = sourcecode.swift; path = MainView.swift; sourceTree = "<group>"; };
/* End PBXFileReference section */

/* Begin PBXFrameworksBuildPhase section */
		CEAFED012BD94D9C00621FF3 /* Frameworks */ = {
			isa = PBXFrameworksBuildPhase;
			buildActionMask = 2147483647;
			files = (
			);
			runOnlyForDeploymentPostprocessing = 0;
		};
/* End PBXFrameworksBuildPhase section */

/* Begin PBXGroup section */
		4A4844912BDFB65E0075B6AF /* Resources */ = {
			isa = PBXGroup;
			children = (
				CEAFED0B2BD94D9D00621FF3 /* Assets.xcassets */,
			);
			path = Resources;
			sourceTree = "<group>";
		};
		4A4844922BDFB6730075B6AF /* App */ = {
			isa = PBXGroup;
			children = (
				CEAFED072BD94D9C00621FF3 /* bem_facilApp.swift */,
				E7F90B8E2BEA795800CC7A4C /* MainView.swift */,
			);
			path = App;
			sourceTree = "<group>";
		};
		4A4844932BDFB6910075B6AF /* Utils */ = {
			isa = PBXGroup;
			children = (
				8C0AC5CD2BEBAA3B005466CD /* Tokens */,
			);
			path = Utils;
			sourceTree = "<group>";
		};
		4A4844962BDFB6B20075B6AF /* Models */ = {
			isa = PBXGroup;
			children = (
				4A4844972BDFB6C50075B6AF /* Models.swift */,
			);
			path = Models;
			sourceTree = "<group>";
		};
		4A4844992BDFB6D00075B6AF /* Features */ = {
			isa = PBXGroup;
			children = (
				E718514D2BF399DA00621E46 /* TelaMapa */,
				8C59292D2BEABF2D0037C38D /* TelaChat */,
				8CAE5B942BEA52C4005B45E4 /* TelaInicio */,
			);
			path = Features;
			sourceTree = "<group>";
		};
		4A893CE72BEE4DB20030430B /* Model */ = {
			isa = PBXGroup;
			children = (
				8CEDB7C62BF3A688001CF7CD /* ProgramsData.swift */,
				8CF912082BF4F87D00DF9450 /* PageModel.swift */,
				4A893CE82BEE4DC10030430B /* ProgramsModel.swift */,
			);
			path = Model;
			sourceTree = "<group>";
		};
		8C0AC5CC2BEBA369005466CD /* ViewModel */ = {
			isa = PBXGroup;
			children = (
				8C0AC5C92BEB9F18005466CD /* TelaChatViewModel.swift */,
			);
			path = ViewModel;
			sourceTree = "<group>";
		};
		8C0AC5CD2BEBAA3B005466CD /* Tokens */ = {
			isa = PBXGroup;
			children = (
				8C0AC5CE2BEBAA59005466CD /* TokenColor.swift */,
			);
			path = Tokens;
			sourceTree = "<group>";
		};
		8C59292D2BEABF2D0037C38D /* TelaChat */ = {
			isa = PBXGroup;
			children = (
				8C5929312BEAC06C0037C38D /* Model */,
				8C59292E2BEABF960037C38D /* Componentes */,
				8C5929302BEABFC00037C38D /* View */,
				8C0AC5CC2BEBA369005466CD /* ViewModel */,
			);
			path = TelaChat;
			sourceTree = "<group>";
		};
		8C59292E2BEABF960037C38D /* Componentes */ = {
			isa = PBXGroup;
			children = (
				8C53CD052BED0A8200BCBDA2 /* File.swift */,
			);
			path = Componentes;
			sourceTree = "<group>";
		};
		8C5929302BEABFC00037C38D /* View */ = {
			isa = PBXGroup;
			children = (
				8C5929272BEA993D0037C38D /* ChatBot.swift */,
			);
			path = View;
			sourceTree = "<group>";
		};
		8C5929312BEAC06C0037C38D /* Model */ = {
			isa = PBXGroup;
			children = (
				8C0AC5D02BEBAAE8005466CD /* Question.swift */,
			);
			path = Model;
			sourceTree = "<group>";
		};
		8CAE5B942BEA52C4005B45E4 /* TelaInicio */ = {
			isa = PBXGroup;
			children = (
				4A893CE72BEE4DB20030430B /* Model */,
				8CAE5B962BEA52E5005B45E4 /* Componentes */,
				8CAE5B952BEA52D7005B45E4 /* View */,
			);
			path = TelaInicio;
			sourceTree = "<group>";
		};
		8CAE5B952BEA52D7005B45E4 /* View */ = {
			isa = PBXGroup;
			children = (
				CEAFED092BD94D9C00621FF3 /* Telainicio.swift */,
				8CF9120C2BF4FA5100DF9450 /* Onboarding.swift */,
				8CF912102BF4FE0C00DF9450 /* ContentView.swift */,
			);
			path = View;
			sourceTree = "<group>";
		};
		8CAE5B962BEA52E5005B45E4 /* Componentes */ = {
			isa = PBXGroup;
			children = (
				8C53CD032BED059B00BCBDA2 /* CustomCard.swift */,
				CE42FEBC2BE901BF002C0792 /* SearchBar.swift */,
				27E7DC152BEA688A00B8F52B /* CardInicial.swift */,
				8C9593082BF255A600D187BA /* TelaInfo.swift */,
			);
			path = Componentes;
			sourceTree = "<group>";
		};
		CEAFECFB2BD94D9C00621FF3 = {
			isa = PBXGroup;
			children = (
				CEAFED062BD94D9C00621FF3 /* bem-facil */,
				CEAFED052BD94D9C00621FF3 /* Products */,
			);
			sourceTree = "<group>";
		};
		CEAFED052BD94D9C00621FF3 /* Products */ = {
			isa = PBXGroup;
			children = (
				CEAFED042BD94D9C00621FF3 /* bem-facil.app */,
			);
			name = Products;
			sourceTree = "<group>";
		};
		CEAFED062BD94D9C00621FF3 /* bem-facil */ = {
			isa = PBXGroup;
			children = (
				CE8949DE2BDFCBB000D6F5DD /* Info.plist */,
				4A4844922BDFB6730075B6AF /* App */,
				4A4844912BDFB65E0075B6AF /* Resources */,
				4A4844932BDFB6910075B6AF /* Utils */,
				4A4844962BDFB6B20075B6AF /* Models */,
				4A4844992BDFB6D00075B6AF /* Features */,
				CEAFED0D2BD94D9D00621FF3 /* Preview Content */,
				E780E5FC2BF391AC003EB45E /* .swiftlint.yml */,
			);
			path = "bem-facil";
			sourceTree = "<group>";
		};
		CEAFED0D2BD94D9D00621FF3 /* Preview Content */ = {
			isa = PBXGroup;
			children = (
				CEAFED0E2BD94D9D00621FF3 /* Preview Assets.xcassets */,
			);
			path = "Preview Content";
			sourceTree = "<group>";
		};
		E718514D2BF399DA00621E46 /* TelaMapa */ = {
			isa = PBXGroup;
			children = (
				E71851512BF3A27800621E46 /* Components */,
				E718514E2BF399ED00621E46 /* View */,
			);
			path = TelaMapa;
			sourceTree = "<group>";
		};
		E718514E2BF399ED00621E46 /* View */ = {
			isa = PBXGroup;
			children = (
				E718514F2BF39A9300621E46 /* TelaMapa.swift */,
				E7F5093E2BF5462700D48B36 /* LocationDetailsView.swift */,
			);
			path = View;
			sourceTree = "<group>";
		};
		E71851512BF3A27800621E46 /* Components */ = {
			isa = PBXGroup;
			children = (
				E71851522BF3A47A00621E46 /* SwiftUIView.swift */,
			);
			path = Components;
			sourceTree = "<group>";
		};
/* End PBXGroup section */

/* Begin PBXNativeTarget section */
		CEAFED032BD94D9C00621FF3 /* bem-facil */ = {
			isa = PBXNativeTarget;
			buildConfigurationList = CEAFED122BD94D9D00621FF3 /* Build configuration list for PBXNativeTarget "bem-facil" */;
			buildPhases = (
				CEAFED002BD94D9C00621FF3 /* Sources */,
				CEAFED012BD94D9C00621FF3 /* Frameworks */,
				CEAFED022BD94D9C00621FF3 /* Resources */,
				4A1A7CE22BDFBB4600235848 /* Run SwiftLint */,
			);
			buildRules = (
			);
			dependencies = (
			);
			name = "bem-facil";
			productName = "bem-facil";
			productReference = CEAFED042BD94D9C00621FF3 /* bem-facil.app */;
			productType = "com.apple.product-type.application";
		};
/* End PBXNativeTarget section */

/* Begin PBXProject section */
		CEAFECFC2BD94D9C00621FF3 /* Project object */ = {
			isa = PBXProject;
			attributes = {
				BuildIndependentTargetsInParallel = 1;
				LastSwiftUpdateCheck = 1520;
				LastUpgradeCheck = 1520;
				TargetAttributes = {
					CEAFED032BD94D9C00621FF3 = {
						CreatedOnToolsVersion = 15.2;
					};
				};
			};
			buildConfigurationList = CEAFECFF2BD94D9C00621FF3 /* Build configuration list for PBXProject "bem-facil" */;
			compatibilityVersion = "Xcode 14.0";
			developmentRegion = en;
			hasScannedForEncodings = 0;
			knownRegions = (
				en,
				Base,
			);
			mainGroup = CEAFECFB2BD94D9C00621FF3;
			productRefGroup = CEAFED052BD94D9C00621FF3 /* Products */;
			projectDirPath = "";
			projectRoot = "";
			targets = (
				CEAFED032BD94D9C00621FF3 /* bem-facil */,
			);
		};
/* End PBXProject section */

/* Begin PBXResourcesBuildPhase section */
		CEAFED022BD94D9C00621FF3 /* Resources */ = {
			isa = PBXResourcesBuildPhase;
			buildActionMask = 2147483647;
			files = (
				E780E5FD2BF391AC003EB45E /* .swiftlint.yml in Resources */,
				CEAFED0F2BD94D9D00621FF3 /* Preview Assets.xcassets in Resources */,
				CEAFED0C2BD94D9D00621FF3 /* Assets.xcassets in Resources */,
			);
			runOnlyForDeploymentPostprocessing = 0;
		};
/* End PBXResourcesBuildPhase section */

/* Begin PBXShellScriptBuildPhase section */
		4A1A7CE22BDFBB4600235848 /* Run SwiftLint */ = {
			isa = PBXShellScriptBuildPhase;
			buildActionMask = 2147483647;
			files = (
			);
			inputFileListPaths = (
			);
			inputPaths = (
			);
			name = "Run SwiftLint";
			outputFileListPaths = (
			);
			outputPaths = (
			);
			runOnlyForDeploymentPostprocessing = 0;
			shellPath = /bin/sh;
			shellScript = "# Type a script or drag a script file from your workspace to insert its path.\n\nif test -d \"/opt/homebrew/bin/\"; then\n  PATH=\"/opt/homebrew/bin/:${PATH}\"\nfi\n\nexport PATH\n\nif which swiftlint >/dev/null; then\n  swiftlint\nelse\n  echo \"warning: SwiftLint not installed, download from https://github.com/realm/SwiftLint\"\nfi\n\n";
		};
/* End PBXShellScriptBuildPhase section */

/* Begin PBXSourcesBuildPhase section */
		CEAFED002BD94D9C00621FF3 /* Sources */ = {
			isa = PBXSourcesBuildPhase;
			buildActionMask = 2147483647;
			files = (
				8C0AC5CA2BEB9F18005466CD /* TelaChatViewModel.swift in Sources */,
				CEAFED0A2BD94D9C00621FF3 /* Telainicio.swift in Sources */,
				8C5929282BEA993D0037C38D /* ChatBot.swift in Sources */,
				8CEDB7C72BF3A688001CF7CD /* ProgramsData.swift in Sources */,
				8C0AC5CF2BEBAA59005466CD /* TokenColor.swift in Sources */,
				CEAFED082BD94D9C00621FF3 /* bem_facilApp.swift in Sources */,
				4A4844982BDFB6C50075B6AF /* Models.swift in Sources */,
				8CF912112BF4FE0C00DF9450 /* ContentView.swift in Sources */,
				8C53CD042BED059B00BCBDA2 /* CustomCard.swift in Sources */,
				8C9593092BF255A600D187BA /* TelaInfo.swift in Sources */,
				E71851502BF39A9300621E46 /* TelaMapa.swift in Sources */,
				E7F90B8F2BEA795800CC7A4C /* MainView.swift in Sources */,
				4A893CE92BEE4DC10030430B /* ProgramsModel.swift in Sources */,
				8C53CD062BED0A8200BCBDA2 /* File.swift in Sources */,
				8CF912092BF4F87D00DF9450 /* PageModel.swift in Sources */,
				8CF9120D2BF4FA5100DF9450 /* Onboarding.swift in Sources */,
				8C0AC5D12BEBAAE8005466CD /* Question.swift in Sources */,
				CE42FEBD2BE901BF002C0792 /* SearchBar.swift in Sources */,
				27E7DC162BEA688A00B8F52B /* CardInicial.swift in Sources */,
				E7F5093F2BF5462700D48B36 /* LocationDetailsView.swift in Sources */,
				E71851532BF3A47A00621E46 /* SwiftUIView.swift in Sources */,
			);
			runOnlyForDeploymentPostprocessing = 0;
		};
/* End PBXSourcesBuildPhase section */

/* Begin XCBuildConfiguration section */
		CEAFED102BD94D9D00621FF3 /* Debug */ = {
			isa = XCBuildConfiguration;
			buildSettings = {
				ALWAYS_SEARCH_USER_PATHS = NO;
				ASSETCATALOG_COMPILER_GENERATE_SWIFT_ASSET_SYMBOL_EXTENSIONS = YES;
				CLANG_ANALYZER_NONNULL = YES;
				CLANG_ANALYZER_NUMBER_OBJECT_CONVERSION = YES_AGGRESSIVE;
				CLANG_CXX_LANGUAGE_STANDARD = "gnu++20";
				CLANG_ENABLE_MODULES = YES;
				CLANG_ENABLE_OBJC_ARC = YES;
				CLANG_ENABLE_OBJC_WEAK = YES;
				CLANG_WARN_BLOCK_CAPTURE_AUTORELEASING = YES;
				CLANG_WARN_BOOL_CONVERSION = YES;
				CLANG_WARN_COMMA = YES;
				CLANG_WARN_CONSTANT_CONVERSION = YES;
				CLANG_WARN_DEPRECATED_OBJC_IMPLEMENTATIONS = YES;
				CLANG_WARN_DIRECT_OBJC_ISA_USAGE = YES_ERROR;
				CLANG_WARN_DOCUMENTATION_COMMENTS = YES;
				CLANG_WARN_EMPTY_BODY = YES;
				CLANG_WARN_ENUM_CONVERSION = YES;
				CLANG_WARN_INFINITE_RECURSION = YES;
				CLANG_WARN_INT_CONVERSION = YES;
				CLANG_WARN_NON_LITERAL_NULL_CONVERSION = YES;
				CLANG_WARN_OBJC_IMPLICIT_RETAIN_SELF = YES;
				CLANG_WARN_OBJC_LITERAL_CONVERSION = YES;
				CLANG_WARN_OBJC_ROOT_CLASS = YES_ERROR;
				CLANG_WARN_QUOTED_INCLUDE_IN_FRAMEWORK_HEADER = YES;
				CLANG_WARN_RANGE_LOOP_ANALYSIS = YES;
				CLANG_WARN_STRICT_PROTOTYPES = YES;
				CLANG_WARN_SUSPICIOUS_MOVE = YES;
				CLANG_WARN_UNGUARDED_AVAILABILITY = YES_AGGRESSIVE;
				CLANG_WARN_UNREACHABLE_CODE = YES;
				CLANG_WARN__DUPLICATE_METHOD_MATCH = YES;
				COPY_PHASE_STRIP = NO;
				DEBUG_INFORMATION_FORMAT = dwarf;
				ENABLE_STRICT_OBJC_MSGSEND = YES;
				ENABLE_TESTABILITY = YES;
				ENABLE_USER_SCRIPT_SANDBOXING = NO;
				GCC_C_LANGUAGE_STANDARD = gnu17;
				GCC_DYNAMIC_NO_PIC = NO;
				GCC_NO_COMMON_BLOCKS = YES;
				GCC_OPTIMIZATION_LEVEL = 0;
				GCC_PREPROCESSOR_DEFINITIONS = (
					"DEBUG=1",
					"$(inherited)",
				);
				GCC_WARN_64_TO_32_BIT_CONVERSION = YES;
				GCC_WARN_ABOUT_RETURN_TYPE = YES_ERROR;
				GCC_WARN_UNDECLARED_SELECTOR = YES;
				GCC_WARN_UNINITIALIZED_AUTOS = YES_AGGRESSIVE;
				GCC_WARN_UNUSED_FUNCTION = YES;
				GCC_WARN_UNUSED_VARIABLE = YES;
				IPHONEOS_DEPLOYMENT_TARGET = 17.2;
				LOCALIZATION_PREFERS_STRING_CATALOGS = YES;
				MTL_ENABLE_DEBUG_INFO = INCLUDE_SOURCE;
				MTL_FAST_MATH = YES;
				ONLY_ACTIVE_ARCH = YES;
				SDKROOT = iphoneos;
				SWIFT_ACTIVE_COMPILATION_CONDITIONS = "DEBUG $(inherited)";
				SWIFT_OPTIMIZATION_LEVEL = "-Onone";
			};
			name = Debug;
		};
		CEAFED112BD94D9D00621FF3 /* Release */ = {
			isa = XCBuildConfiguration;
			buildSettings = {
				ALWAYS_SEARCH_USER_PATHS = NO;
				ASSETCATALOG_COMPILER_GENERATE_SWIFT_ASSET_SYMBOL_EXTENSIONS = YES;
				CLANG_ANALYZER_NONNULL = YES;
				CLANG_ANALYZER_NUMBER_OBJECT_CONVERSION = YES_AGGRESSIVE;
				CLANG_CXX_LANGUAGE_STANDARD = "gnu++20";
				CLANG_ENABLE_MODULES = YES;
				CLANG_ENABLE_OBJC_ARC = YES;
				CLANG_ENABLE_OBJC_WEAK = YES;
				CLANG_WARN_BLOCK_CAPTURE_AUTORELEASING = YES;
				CLANG_WARN_BOOL_CONVERSION = YES;
				CLANG_WARN_COMMA = YES;
				CLANG_WARN_CONSTANT_CONVERSION = YES;
				CLANG_WARN_DEPRECATED_OBJC_IMPLEMENTATIONS = YES;
				CLANG_WARN_DIRECT_OBJC_ISA_USAGE = YES_ERROR;
				CLANG_WARN_DOCUMENTATION_COMMENTS = YES;
				CLANG_WARN_EMPTY_BODY = YES;
				CLANG_WARN_ENUM_CONVERSION = YES;
				CLANG_WARN_INFINITE_RECURSION = YES;
				CLANG_WARN_INT_CONVERSION = YES;
				CLANG_WARN_NON_LITERAL_NULL_CONVERSION = YES;
				CLANG_WARN_OBJC_IMPLICIT_RETAIN_SELF = YES;
				CLANG_WARN_OBJC_LITERAL_CONVERSION = YES;
				CLANG_WARN_OBJC_ROOT_CLASS = YES_ERROR;
				CLANG_WARN_QUOTED_INCLUDE_IN_FRAMEWORK_HEADER = YES;
				CLANG_WARN_RANGE_LOOP_ANALYSIS = YES;
				CLANG_WARN_STRICT_PROTOTYPES = YES;
				CLANG_WARN_SUSPICIOUS_MOVE = YES;
				CLANG_WARN_UNGUARDED_AVAILABILITY = YES_AGGRESSIVE;
				CLANG_WARN_UNREACHABLE_CODE = YES;
				CLANG_WARN__DUPLICATE_METHOD_MATCH = YES;
				COPY_PHASE_STRIP = NO;
				DEBUG_INFORMATION_FORMAT = "dwarf-with-dsym";
				ENABLE_NS_ASSERTIONS = NO;
				ENABLE_STRICT_OBJC_MSGSEND = YES;
				ENABLE_USER_SCRIPT_SANDBOXING = NO;
				GCC_C_LANGUAGE_STANDARD = gnu17;
				GCC_NO_COMMON_BLOCKS = YES;
				GCC_WARN_64_TO_32_BIT_CONVERSION = YES;
				GCC_WARN_ABOUT_RETURN_TYPE = YES_ERROR;
				GCC_WARN_UNDECLARED_SELECTOR = YES;
				GCC_WARN_UNINITIALIZED_AUTOS = YES_AGGRESSIVE;
				GCC_WARN_UNUSED_FUNCTION = YES;
				GCC_WARN_UNUSED_VARIABLE = YES;
				IPHONEOS_DEPLOYMENT_TARGET = 17.2;
				LOCALIZATION_PREFERS_STRING_CATALOGS = YES;
				MTL_ENABLE_DEBUG_INFO = NO;
				MTL_FAST_MATH = YES;
				SDKROOT = iphoneos;
				SWIFT_COMPILATION_MODE = wholemodule;
				VALIDATE_PRODUCT = YES;
			};
			name = Release;
		};
		CEAFED132BD94D9D00621FF3 /* Debug */ = {
			isa = XCBuildConfiguration;
			buildSettings = {
				ASSETCATALOG_COMPILER_APPICON_NAME = AppIcon;
				ASSETCATALOG_COMPILER_GLOBAL_ACCENT_COLOR_NAME = AccentColor;
				CODE_SIGN_STYLE = Automatic;
				CURRENT_PROJECT_VERSION = 1;
				DEVELOPMENT_ASSET_PATHS = "\"bem-facil/Preview Content\"";
				DEVELOPMENT_TEAM = 762S62F9X8;
				ENABLE_PREVIEWS = YES;
				GENERATE_INFOPLIST_FILE = YES;
				INFOPLIST_FILE = "bem-facil/Info.plist";
				INFOPLIST_KEY_CFBundleDisplayName = "+BEN";
				INFOPLIST_KEY_LSApplicationCategoryType = "public.app-category.utilities";
				INFOPLIST_KEY_NSLocationAlwaysAndWhenInUseUsageDescription = "Precisamos da sua localização";
				INFOPLIST_KEY_NSLocationUsageDescription = "Precisamos da sua localização";
				INFOPLIST_KEY_NSLocationWhenInUseUsageDescription = "Precisamos da sua localização";
				INFOPLIST_KEY_UIApplicationSceneManifest_Generation = YES;
				INFOPLIST_KEY_UIApplicationSupportsIndirectInputEvents = YES;
				INFOPLIST_KEY_UISupportedInterfaceOrientations_iPad = "UIInterfaceOrientationPortrait UIInterfaceOrientationPortraitUpsideDown UIInterfaceOrientationLandscapeLeft UIInterfaceOrientationLandscapeRight";
				INFOPLIST_KEY_UISupportedInterfaceOrientations_iPhone = "UIInterfaceOrientationPortrait UIInterfaceOrientationLandscapeLeft UIInterfaceOrientationLandscapeRight";
				LD_RUNPATH_SEARCH_PATHS = (
					"$(inherited)",
					"@executable_path/Frameworks",
				);
				MARKETING_VERSION = 1.0;
				PRODUCT_BUNDLE_IDENTIFIER = "com.bemfacil.time9.bem-facil";
				PRODUCT_NAME = "$(TARGET_NAME)";
				SWIFT_EMIT_LOC_STRINGS = YES;
				SWIFT_VERSION = 5.0;
				TARGETED_DEVICE_FAMILY = "1,2";
			};
			name = Debug;
		};
		CEAFED142BD94D9D00621FF3 /* Release */ = {
			isa = XCBuildConfiguration;
			buildSettings = {
				ASSETCATALOG_COMPILER_APPICON_NAME = AppIcon;
				ASSETCATALOG_COMPILER_GLOBAL_ACCENT_COLOR_NAME = AccentColor;
				CODE_SIGN_STYLE = Automatic;
				CURRENT_PROJECT_VERSION = 1;
				DEVELOPMENT_ASSET_PATHS = "\"bem-facil/Preview Content\"";
				DEVELOPMENT_TEAM = 762S62F9X8;
				ENABLE_PREVIEWS = YES;
				GENERATE_INFOPLIST_FILE = YES;
				INFOPLIST_FILE = "bem-facil/Info.plist";
				INFOPLIST_KEY_CFBundleDisplayName = "+BEN";
				INFOPLIST_KEY_LSApplicationCategoryType = "public.app-category.utilities";
				INFOPLIST_KEY_NSLocationAlwaysAndWhenInUseUsageDescription = "Precisamos da sua localização";
				INFOPLIST_KEY_NSLocationUsageDescription = "Precisamos da sua localização";
				INFOPLIST_KEY_NSLocationWhenInUseUsageDescription = "Precisamos da sua localização";
				INFOPLIST_KEY_UIApplicationSceneManifest_Generation = YES;
				INFOPLIST_KEY_UIApplicationSupportsIndirectInputEvents = YES;
				INFOPLIST_KEY_UISupportedInterfaceOrientations_iPad = "UIInterfaceOrientationPortrait UIInterfaceOrientationPortraitUpsideDown UIInterfaceOrientationLandscapeLeft UIInterfaceOrientationLandscapeRight";
				INFOPLIST_KEY_UISupportedInterfaceOrientations_iPhone = "UIInterfaceOrientationPortrait UIInterfaceOrientationLandscapeLeft UIInterfaceOrientationLandscapeRight";
				LD_RUNPATH_SEARCH_PATHS = (
					"$(inherited)",
					"@executable_path/Frameworks",
				);
				MARKETING_VERSION = 1.0;
				PRODUCT_BUNDLE_IDENTIFIER = "com.bemfacil.time9.bem-facil";
				PRODUCT_NAME = "$(TARGET_NAME)";
				SWIFT_EMIT_LOC_STRINGS = YES;
				SWIFT_VERSION = 5.0;
				TARGETED_DEVICE_FAMILY = "1,2";
			};
			name = Release;
		};
/* End XCBuildConfiguration section */

/* Begin XCConfigurationList section */
		CEAFECFF2BD94D9C00621FF3 /* Build configuration list for PBXProject "bem-facil" */ = {
			isa = XCConfigurationList;
			buildConfigurations = (
				CEAFED102BD94D9D00621FF3 /* Debug */,
				CEAFED112BD94D9D00621FF3 /* Release */,
			);
			defaultConfigurationIsVisible = 0;
			defaultConfigurationName = Release;
		};
		CEAFED122BD94D9D00621FF3 /* Build configuration list for PBXNativeTarget "bem-facil" */ = {
			isa = XCConfigurationList;
			buildConfigurations = (
				CEAFED132BD94D9D00621FF3 /* Debug */,
				CEAFED142BD94D9D00621FF3 /* Release */,
			);
			defaultConfigurationIsVisible = 0;
			defaultConfigurationName = Release;
		};
/* End XCConfigurationList section */
	};
	rootObject = CEAFECFC2BD94D9C00621FF3 /* Project object */;
}
